// !$*UTF8*$!
{
	archiveVersion = 1;
	classes = {
	};
	objectVersion = 52;
	objects = {

/* Begin PBXBuildFile section */
		00E356F31AD99517003FC87E /* itsinformovTests.m in Sources */ = {isa = PBXBuildFile; fileRef = 00E356F21AD99517003FC87E /* informovTests.m */; };
		0948FD60D88D416F978EF58C /* Poppins ExtraLight.ttf in Resources */ = {isa = PBXBuildFile; fileRef = 58EEDE937CD444F0B5DFD123 /* Poppins ExtraLight.ttf */; };
		13B07FBC1A68108700A75B9A /* AppDelegate.m in Sources */ = {isa = PBXBuildFile; fileRef = 13B07FB01A68108700A75B9A /* AppDelegate.m */; };
		13B07FBF1A68108700A75B9A /* Images.xcassets in Resources */ = {isa = PBXBuildFile; fileRef = 13B07FB51A68108700A75B9A /* Images.xcassets */; };
		13B07FC11A68108700A75B9A /* main.m in Sources */ = {isa = PBXBuildFile; fileRef = 13B07FB71A68108700A75B9A /* main.m */; };
		170A36F22693461BB79AEBBF /* Poppins BlackItalic.ttf in Resources */ = {isa = PBXBuildFile; fileRef = E4CCB182510E446485532801 /* Poppins BlackItalic.ttf */; };
		2B4941AD925A498BBE0E95FF /* Poppins ThinItalic.ttf in Resources */ = {isa = PBXBuildFile; fileRef = 2B8011CD9EA34A6F9E3F3B2B /* Poppins ThinItalic.ttf */; };
		3363F736D2F84D79905AC2A2 /* Poppins Bold.ttf in Resources */ = {isa = PBXBuildFile; fileRef = EF530116ED7C4CD4BC775ABA /* Poppins Bold.ttf */; };
		41F8E94BEF2043EF8682BA1C /* Poppins Light.ttf in Resources */ = {isa = PBXBuildFile; fileRef = D514E7F1EEFB4C6BA34F443C /* Poppins Light.ttf */; };
		457FAFA1B92D4B43AF5E52CE /* Poppins Thin.ttf in Resources */ = {isa = PBXBuildFile; fileRef = C1EEC8D3E5DC44389CA0E543 /* Poppins Thin.ttf */; };
		5A0B5766E5DD41DA96CB2763 /* Poppins Medium.ttf in Resources */ = {isa = PBXBuildFile; fileRef = A368ED75EF79498482E495F0 /* Poppins Medium.ttf */; };
		5B673838DE1FB2705CEBE5CA /* libPods-informov-informovTests.a in Frameworks */ = {isa = PBXBuildFile; fileRef = 7D11A0494E50013C40CD8C04 /* libPods-informov-informovTests.a */; };
		6D974440D3D746879C659B16 /* Poppins Italic.ttf in Resources */ = {isa = PBXBuildFile; fileRef = 1F0B031F1F924128ACB61402 /* Poppins Italic.ttf */; };
		7BF67AA855954C328086E9F7 /* Poppins Regular.ttf in Resources */ = {isa = PBXBuildFile; fileRef = 272FB7F3E67B4668B059F6B8 /* Poppins Regular.ttf */; };
		81AB9BB82411601600AC10FF /* LaunchScreen.storyboard in Resources */ = {isa = PBXBuildFile; fileRef = 81AB9BB72411601600AC10FF /* LaunchScreen.storyboard */; };
		81EF314F84134F8A85CB495E /* Poppins SemiBold.ttf in Resources */ = {isa = PBXBuildFile; fileRef = C570CC4ABB554780AC6E594D /* Poppins SemiBold.ttf */; };
		98E88C9F37AE433B5A467516 /* libPods-informov.a in Frameworks */ = {isa = PBXBuildFile; fileRef = 7B7677C02B145A19874A5457 /* libPods-informov.a */; };
		99A85ADBEEF74BE1A00D87A9 /* Poppins MediumItalic.ttf in Resources */ = {isa = PBXBuildFile; fileRef = 750B5629A4E3440DA6DA75F0 /* Poppins MediumItalic.ttf */; };
		A100CB596C974985BBC8CC80 /* Poppins LightItalic.ttf in Resources */ = {isa = PBXBuildFile; fileRef = EF5B93C48C544960ABE8CBE2 /* Poppins LightItalic.ttf */; };
		A8814D1DDEC54CC9B1488B15 /* Poppins SemiBoldItalic.ttf in Resources */ = {isa = PBXBuildFile; fileRef = 2FAF77578A7640E28210A0C9 /* Poppins SemiBoldItalic.ttf */; };
		AAEB6381AAD148ACB5EC64C6 /* Poppins ExtraLightItalic.ttf in Resources */ = {isa = PBXBuildFile; fileRef = 8681759082A146419472439B /* Poppins ExtraLightItalic.ttf */; };
		BE095AFBC5FB40C6BB56D150 /* Poppins ExtraBold.ttf in Resources */ = {isa = PBXBuildFile; fileRef = BE524EB0BC434677AB1BE7FF /* Poppins ExtraBold.ttf */; };
		CC81A5BF24A9425EBDAB6DCE /* Poppins BoldItalic.ttf in Resources */ = {isa = PBXBuildFile; fileRef = E228BC9F45BE420CAEC6CFB4 /* Poppins BoldItalic.ttf */; };
		ECDC27FD71B341E4A14A200B /* Poppins Black.ttf in Resources */ = {isa = PBXBuildFile; fileRef = 74A8AF0218D244489E9648BF /* Poppins Black.ttf */; };
		F387BF1EC12949869E8F5CBE /* Poppins ExtraBoldItalic.ttf in Resources */ = {isa = PBXBuildFile; fileRef = C1302C5FF92645618306D69C /* Poppins ExtraBoldItalic.ttf */; };
/* End PBXBuildFile section */

/* Begin PBXContainerItemProxy section */
		00E356F41AD99517003FC87E /* PBXContainerItemProxy */ = {
			isa = PBXContainerItemProxy;
			containerPortal = 83CBB9F71A601CBA00E9B192 /* Project object */;
			proxyType = 1;
			remoteGlobalIDString = 13B07F861A680F5B00A75B9A;
			remoteInfo = informov;
		};
/* End PBXContainerItemProxy section */

/* Begin PBXFileReference section */
		00E356EE1AD99517003FC87E /* itsinformovTests.xctest */ = {isa = PBXFileReference; explicitFileType = wrapper.cfbundle; includeInIndex = 0; path = informovTests.xctest; sourceTree = BUILT_PRODUCTS_DIR; };
		00E356F11AD99517003FC87E /* Info.plist */ = {isa = PBXFileReference; lastKnownFileType = text.plist.xml; path = Info.plist; sourceTree = "<group>"; };
		00E356F21AD99517003FC87E /* informovTests.m */ = {isa = PBXFileReference; lastKnownFileType = sourcecode.c.objc; path = informovTests.m; sourceTree = "<group>"; };
		01A6CED909CC4C16982663A9 /* Poppins-ExtraBold.ttf */ = {isa = PBXFileReference; explicitFileType = undefined; fileEncoding = 9; includeInIndex = 0; lastKnownFileType = unknown; name = "Poppins-ExtraBold.ttf"; path = "../src/Assets/Fonts/Poppins-ExtraBold.ttf"; sourceTree = "<group>"; };
		0416A4AD449E4E69813D0C28 /* FontAwesome.ttf */ = {isa = PBXFileReference; explicitFileType = undefined; fileEncoding = 9; includeInIndex = 0; lastKnownFileType = unknown; name = FontAwesome.ttf; path = "../node_modules/react-native-vector-icons/Fonts/FontAwesome.ttf"; sourceTree = "<group>"; };
		042F33065F6A49B79B61411A /* Poppins-Bold.ttf */ = {isa = PBXFileReference; explicitFileType = undefined; fileEncoding = 9; includeInIndex = 0; lastKnownFileType = unknown; name = "Poppins-Bold.ttf"; path = "../src/Assets/Fonts/Poppins-Bold.ttf"; sourceTree = "<group>"; };
		0AFDA0592A12659D007CADF8 /* informov.entitlements */ = {isa = PBXFileReference; lastKnownFileType = text.plist.entitlements; name = informov.entitlements; path = informov/informov.entitlements; sourceTree = "<group>"; };
		10378C5BA86532A5D0881E54 /* Pods-informov-informovTests.debug.xcconfig */ = {isa = PBXFileReference; includeInIndex = 1; lastKnownFileType = text.xcconfig; name = "Pods-informov-informovTests.debug.xcconfig"; path = "Target Support Files/Pods-informov-informovTests/Pods-informov-informovTests.debug.xcconfig"; sourceTree = "<group>"; };
		11FD5291424E42B48D4954BB /* Poppins-ThinItalic.ttf */ = {isa = PBXFileReference; explicitFileType = undefined; fileEncoding = 9; includeInIndex = 0; lastKnownFileType = unknown; name = "Poppins-ThinItalic.ttf"; path = "../src/Assets/fonts/Poppins-ThinItalic.ttf"; sourceTree = "<group>"; };
		13B07F961A680F5B00A75B9A /* informov.app */ = {isa = PBXFileReference; explicitFileType = wrapper.application; includeInIndex = 0; path = informov.app; sourceTree = BUILT_PRODUCTS_DIR; };
		13B07FAF1A68108700A75B9A /* AppDelegate.h */ = {isa = PBXFileReference; fileEncoding = 4; lastKnownFileType = sourcecode.c.h; name = AppDelegate.h; path = informov/AppDelegate.h; sourceTree = "<group>"; };
		13B07FB01A68108700A75B9A /* AppDelegate.m */ = {isa = PBXFileReference; fileEncoding = 4; lastKnownFileType = sourcecode.c.objc; name = AppDelegate.m; path = informov/AppDelegate.m; sourceTree = "<group>"; };
		13B07FB51A68108700A75B9A /* Images.xcassets */ = {isa = PBXFileReference; lastKnownFileType = folder.assetcatalog; name = Images.xcassets; path = informov/Images.xcassets; sourceTree = "<group>"; };
		13B07FB61A68108700A75B9A /* Info.plist */ = {isa = PBXFileReference; fileEncoding = 4; lastKnownFileType = text.plist.xml; name = Info.plist; path = informov/Info.plist; sourceTree = "<group>"; };
		13B07FB71A68108700A75B9A /* main.m */ = {isa = PBXFileReference; fileEncoding = 4; lastKnownFileType = sourcecode.c.objc; name = main.m; path = informov/main.m; sourceTree = "<group>"; };
		187A6EE79E8C4482A44D3825 /* Feather.ttf */ = {isa = PBXFileReference; explicitFileType = undefined; fileEncoding = 9; includeInIndex = 0; lastKnownFileType = unknown; name = Feather.ttf; path = "../node_modules/react-native-vector-icons/Fonts/Feather.ttf"; sourceTree = "<group>"; };
		18EE6F3E1DF6444DBC955A55 /* Foundation.ttf */ = {isa = PBXFileReference; explicitFileType = undefined; fileEncoding = 9; includeInIndex = 0; lastKnownFileType = unknown; name = Foundation.ttf; path = "../node_modules/react-native-vector-icons/Fonts/Foundation.ttf"; sourceTree = "<group>"; };
		1AFFC2C76A574F95BA3E15C1 /* Poppins-ExtraLightItalic.ttf */ = {isa = PBXFileReference; explicitFileType = undefined; fileEncoding = 9; includeInIndex = 0; lastKnownFileType = unknown; name = "Poppins-ExtraLightItalic.ttf"; path = "../src/Assets/fonts/Poppins-ExtraLightItalic.ttf"; sourceTree = "<group>"; };
		1C058DC60A6C475081636225 /* Entypo.ttf */ = {isa = PBXFileReference; explicitFileType = undefined; fileEncoding = 9; includeInIndex = 0; lastKnownFileType = unknown; name = Entypo.ttf; path = "../node_modules/react-native-vector-icons/Fonts/Entypo.ttf"; sourceTree = "<group>"; };
		1C89414FE1864FDCA77F5183 /* Poppins-Regular.ttf */ = {isa = PBXFileReference; explicitFileType = undefined; fileEncoding = 9; includeInIndex = 0; lastKnownFileType = unknown; name = "Poppins-Regular.ttf"; path = "../src/Assets/Fonts/Poppins-Regular.ttf"; sourceTree = "<group>"; };
		1F0B031F1F924128ACB61402 /* Poppins Italic.ttf */ = {isa = PBXFileReference; explicitFileType = undefined; fileEncoding = 9; includeInIndex = 0; lastKnownFileType = unknown; name = "Poppins Italic.ttf"; path = "../src/Assets/Fonts/Poppins Italic.ttf"; sourceTree = "<group>"; };
		272FB7F3E67B4668B059F6B8 /* Poppins Regular.ttf */ = {isa = PBXFileReference; explicitFileType = undefined; fileEncoding = 9; includeInIndex = 0; lastKnownFileType = unknown; name = "Poppins Regular.ttf"; path = "../src/Assets/Fonts/Poppins Regular.ttf"; sourceTree = "<group>"; };
		276D18EF9CCF485EB9EF8609 /* FontAwesome5_Regular.ttf */ = {isa = PBXFileReference; explicitFileType = undefined; fileEncoding = 9; includeInIndex = 0; lastKnownFileType = unknown; name = FontAwesome5_Regular.ttf; path = "../node_modules/react-native-vector-icons/Fonts/FontAwesome5_Regular.ttf"; sourceTree = "<group>"; };
		27E00BBA8C3747DA9190173C /* MaterialCommunityIcons.ttf */ = {isa = PBXFileReference; explicitFileType = undefined; fileEncoding = 9; includeInIndex = 0; lastKnownFileType = unknown; name = MaterialCommunityIcons.ttf; path = "../node_modules/react-native-vector-icons/Fonts/MaterialCommunityIcons.ttf"; sourceTree = "<group>"; };
		2B8011CD9EA34A6F9E3F3B2B /* Poppins ThinItalic.ttf */ = {isa = PBXFileReference; explicitFileType = undefined; fileEncoding = 9; includeInIndex = 0; lastKnownFileType = unknown; name = "Poppins ThinItalic.ttf"; path = "../src/Assets/Fonts/Poppins ThinItalic.ttf"; sourceTree = "<group>"; };
		2B8A2278AFDA4BFDA827AEF3 /* Poppins-Bold.ttf */ = {isa = PBXFileReference; explicitFileType = undefined; fileEncoding = 9; includeInIndex = 0; lastKnownFileType = unknown; name = "Poppins-Bold.ttf"; path = "../src/Assets/fonts/Poppins-Bold.ttf"; sourceTree = "<group>"; };
		2C8D146D2BAB498DBE6CD048 /* Poppins-ExtraBoldItalic.ttf */ = {isa = PBXFileReference; explicitFileType = undefined; fileEncoding = 9; includeInIndex = 0; lastKnownFileType = unknown; name = "Poppins-ExtraBoldItalic.ttf"; path = "../src/Assets/fonts/Poppins-ExtraBoldItalic.ttf"; sourceTree = "<group>"; };
		2E250A1486F345108E95E1C3 /* Poppins-LightItalic.ttf */ = {isa = PBXFileReference; explicitFileType = undefined; fileEncoding = 9; includeInIndex = 0; lastKnownFileType = unknown; name = "Poppins-LightItalic.ttf"; path = "../src/Assets/Fonts/Poppins-LightItalic.ttf"; sourceTree = "<group>"; };
		2FAF77578A7640E28210A0C9 /* Poppins SemiBoldItalic.ttf */ = {isa = PBXFileReference; explicitFileType = undefined; fileEncoding = 9; includeInIndex = 0; lastKnownFileType = unknown; name = "Poppins SemiBoldItalic.ttf"; path = "../src/Assets/Fonts/Poppins SemiBoldItalic.ttf"; sourceTree = "<group>"; };
		36D215596E91415DA4BCF294 /* Poppins-ExtraLight.ttf */ = {isa = PBXFileReference; explicitFileType = undefined; fileEncoding = 9; includeInIndex = 0; lastKnownFileType = unknown; name = "Poppins-ExtraLight.ttf"; path = "../src/Assets/Fonts/Poppins-ExtraLight.ttf"; sourceTree = "<group>"; };
		4531F6ACA46046F78E90E8DF /* Poppins-MediumItalic.ttf */ = {isa = PBXFileReference; explicitFileType = undefined; fileEncoding = 9; includeInIndex = 0; lastKnownFileType = unknown; name = "Poppins-MediumItalic.ttf"; path = "../src/Assets/fonts/Poppins-MediumItalic.ttf"; sourceTree = "<group>"; };
		4B1B903283A0482F8F8F9337 /* Poppins-MediumItalic.ttf */ = {isa = PBXFileReference; explicitFileType = undefined; fileEncoding = 9; includeInIndex = 0; lastKnownFileType = unknown; name = "Poppins-MediumItalic.ttf"; path = "../src/Assets/Fonts/Poppins-MediumItalic.ttf"; sourceTree = "<group>"; };
		52A76F94E2774A2C94F072F6 /* Poppins-ExtraBoldItalic.ttf */ = {isa = PBXFileReference; explicitFileType = undefined; fileEncoding = 9; includeInIndex = 0; lastKnownFileType = unknown; name = "Poppins-ExtraBoldItalic.ttf"; path = "../src/Assets/Fonts/Poppins-ExtraBoldItalic.ttf"; sourceTree = "<group>"; };
		5509D6C245BEDF98C50E1759 /* Pods-informov-informovTests.release.xcconfig */ = {isa = PBXFileReference; includeInIndex = 1; lastKnownFileType = text.xcconfig; name = "Pods-informov-informovTests.release.xcconfig"; path = "Target Support Files/Pods-informov-informovTests/Pods-informov-informovTests.release.xcconfig"; sourceTree = "<group>"; };
		55F72A6D9D6644778FEAE904 /* Poppins-SemiBoldItalic.ttf */ = {isa = PBXFileReference; explicitFileType = undefined; fileEncoding = 9; includeInIndex = 0; lastKnownFileType = unknown; name = "Poppins-SemiBoldItalic.ttf"; path = "../src/Assets/Fonts/Poppins-SemiBoldItalic.ttf"; sourceTree = "<group>"; };
		58EEDE937CD444F0B5DFD123 /* Poppins ExtraLight.ttf */ = {isa = PBXFileReference; explicitFileType = undefined; fileEncoding = 9; includeInIndex = 0; lastKnownFileType = unknown; name = "Poppins ExtraLight.ttf"; path = "../src/Assets/Fonts/Poppins ExtraLight.ttf"; sourceTree = "<group>"; };
		59B3BC1EEE5C4C98857FADD4 /* Poppins-Italic.ttf */ = {isa = PBXFileReference; explicitFileType = undefined; fileEncoding = 9; includeInIndex = 0; lastKnownFileType = unknown; name = "Poppins-Italic.ttf"; path = "../src/Assets/Fonts/Poppins-Italic.ttf"; sourceTree = "<group>"; };
		5CDF837970744FB9A73C5C1E /* Fontisto.ttf */ = {isa = PBXFileReference; explicitFileType = undefined; fileEncoding = 9; includeInIndex = 0; lastKnownFileType = unknown; name = Fontisto.ttf; path = "../node_modules/react-native-vector-icons/Fonts/Fontisto.ttf"; sourceTree = "<group>"; };
		65C81678ACD44D99A22BC16E /* Poppins-BlackItalic.ttf */ = {isa = PBXFileReference; explicitFileType = undefined; fileEncoding = 9; includeInIndex = 0; lastKnownFileType = unknown; name = "Poppins-BlackItalic.ttf"; path = "../src/Assets/fonts/Poppins-BlackItalic.ttf"; sourceTree = "<group>"; };
		6955407A7C474EA4964BCBB8 /* Poppins-Thin.ttf */ = {isa = PBXFileReference; explicitFileType = undefined; fileEncoding = 9; includeInIndex = 0; lastKnownFileType = unknown; name = "Poppins-Thin.ttf"; path = "../src/Assets/Fonts/Poppins-Thin.ttf"; sourceTree = "<group>"; };
		695C9E36EA2442E694A18818 /* MaterialIcons.ttf */ = {isa = PBXFileReference; explicitFileType = undefined; fileEncoding = 9; includeInIndex = 0; lastKnownFileType = unknown; name = MaterialIcons.ttf; path = "../node_modules/react-native-vector-icons/Fonts/MaterialIcons.ttf"; sourceTree = "<group>"; };
		70AE3E302922443FBB64AAA1 /* Poppins-ExtraBold.ttf */ = {isa = PBXFileReference; explicitFileType = undefined; fileEncoding = 9; includeInIndex = 0; lastKnownFileType = unknown; name = "Poppins-ExtraBold.ttf"; path = "../src/Assets/fonts/Poppins-ExtraBold.ttf"; sourceTree = "<group>"; };
		73F28E31CA9C4CE9922F2FC9 /* Poppins-ExtraLightItalic.ttf */ = {isa = PBXFileReference; explicitFileType = undefined; fileEncoding = 9; includeInIndex = 0; lastKnownFileType = unknown; name = "Poppins-ExtraLightItalic.ttf"; path = "../src/Assets/Fonts/Poppins-ExtraLightItalic.ttf"; sourceTree = "<group>"; };
		74843A5702AA4936890DA9D5 /* Zocial.ttf */ = {isa = PBXFileReference; explicitFileType = undefined; fileEncoding = 9; includeInIndex = 0; lastKnownFileType = unknown; name = Zocial.ttf; path = "../node_modules/react-native-vector-icons/Fonts/Zocial.ttf"; sourceTree = "<group>"; };
		74A8AF0218D244489E9648BF /* Poppins Black.ttf */ = {isa = PBXFileReference; explicitFileType = undefined; fileEncoding = 9; includeInIndex = 0; lastKnownFileType = unknown; name = "Poppins Black.ttf"; path = "../src/Assets/Fonts/Poppins Black.ttf"; sourceTree = "<group>"; };
		750B5629A4E3440DA6DA75F0 /* Poppins MediumItalic.ttf */ = {isa = PBXFileReference; explicitFileType = undefined; fileEncoding = 9; includeInIndex = 0; lastKnownFileType = unknown; name = "Poppins MediumItalic.ttf"; path = "../src/Assets/Fonts/Poppins MediumItalic.ttf"; sourceTree = "<group>"; };
		75BD7D0E1A904CEFB1172746 /* Poppins-Italic.ttf */ = {isa = PBXFileReference; explicitFileType = undefined; fileEncoding = 9; includeInIndex = 0; lastKnownFileType = unknown; name = "Poppins-Italic.ttf"; path = "../src/Assets/fonts/Poppins-Italic.ttf"; sourceTree = "<group>"; };
		7885AF73C84E4B78AA888BA5 /* Poppins-SemiBold.ttf */ = {isa = PBXFileReference; explicitFileType = undefined; fileEncoding = 9; includeInIndex = 0; lastKnownFileType = unknown; name = "Poppins-SemiBold.ttf"; path = "../src/Assets/Fonts/Poppins-SemiBold.ttf"; sourceTree = "<group>"; };
		78991B46180FAFAC582E0488 /* Pods-informov.release.xcconfig */ = {isa = PBXFileReference; includeInIndex = 1; lastKnownFileType = text.xcconfig; name = "Pods-informov.release.xcconfig"; path = "Target Support Files/Pods-informov/Pods-informov.release.xcconfig"; sourceTree = "<group>"; };
		7B7677C02B145A19874A5457 /* libPods-informov.a */ = {isa = PBXFileReference; explicitFileType = archive.ar; includeInIndex = 0; path = "libPods-informov.a"; sourceTree = BUILT_PRODUCTS_DIR; };
		7C4927DD0C0A42648F007FF8 /* EvilIcons.ttf */ = {isa = PBXFileReference; explicitFileType = undefined; fileEncoding = 9; includeInIndex = 0; lastKnownFileType = unknown; name = EvilIcons.ttf; path = "../node_modules/react-native-vector-icons/Fonts/EvilIcons.ttf"; sourceTree = "<group>"; };
		7C4D8495962E46F3A698BBC2 /* Poppins-Black.ttf */ = {isa = PBXFileReference; explicitFileType = undefined; fileEncoding = 9; includeInIndex = 0; lastKnownFileType = unknown; name = "Poppins-Black.ttf"; path = "../src/Assets/fonts/Poppins-Black.ttf"; sourceTree = "<group>"; };
		7D11A0494E50013C40CD8C04 /* libPods-informov-informovTests.a */ = {isa = PBXFileReference; explicitFileType = archive.ar; includeInIndex = 0; path = "libPods-informov-informovTests.a"; sourceTree = BUILT_PRODUCTS_DIR; };
		81AB9BB72411601600AC10FF /* LaunchScreen.storyboard */ = {isa = PBXFileReference; fileEncoding = 4; lastKnownFileType = file.storyboard; name = LaunchScreen.storyboard; path = informov/LaunchScreen.storyboard; sourceTree = "<group>"; };
		8492B95D2695485C93895EE3 /* Poppins-Black.ttf */ = {isa = PBXFileReference; explicitFileType = undefined; fileEncoding = 9; includeInIndex = 0; lastKnownFileType = unknown; name = "Poppins-Black.ttf"; path = "../src/Assets/Fonts/Poppins-Black.ttf"; sourceTree = "<group>"; };
		85CDD597480C4F65B0564AFC /* FontAwesome5_Brands.ttf */ = {isa = PBXFileReference; explicitFileType = undefined; fileEncoding = 9; includeInIndex = 0; lastKnownFileType = unknown; name = FontAwesome5_Brands.ttf; path = "../node_modules/react-native-vector-icons/Fonts/FontAwesome5_Brands.ttf"; sourceTree = "<group>"; };
		8681759082A146419472439B /* Poppins ExtraLightItalic.ttf */ = {isa = PBXFileReference; explicitFileType = undefined; fileEncoding = 9; includeInIndex = 0; lastKnownFileType = unknown; name = "Poppins ExtraLightItalic.ttf"; path = "../src/Assets/Fonts/Poppins ExtraLightItalic.ttf"; sourceTree = "<group>"; };
		868CFFD8F5B84A72A996A34F /* SimpleLineIcons.ttf */ = {isa = PBXFileReference; explicitFileType = undefined; fileEncoding = 9; includeInIndex = 0; lastKnownFileType = unknown; name = SimpleLineIcons.ttf; path = "../node_modules/react-native-vector-icons/Fonts/SimpleLineIcons.ttf"; sourceTree = "<group>"; };
		8707D8FE689BB930660AE115 /* Pods-informov.debug.xcconfig */ = {isa = PBXFileReference; includeInIndex = 1; lastKnownFileType = text.xcconfig; name = "Pods-informov.debug.xcconfig"; path = "Target Support Files/Pods-informov/Pods-informov.debug.xcconfig"; sourceTree = "<group>"; };
		89695B09FA384327AA0FDB19 /* Poppins-Light.ttf */ = {isa = PBXFileReference; explicitFileType = undefined; fileEncoding = 9; includeInIndex = 0; lastKnownFileType = unknown; name = "Poppins-Light.ttf"; path = "../src/Assets/Fonts/Poppins-Light.ttf"; sourceTree = "<group>"; };
		99B93720AA7745D8907CEF71 /* Poppins-BoldItalic.ttf */ = {isa = PBXFileReference; explicitFileType = undefined; fileEncoding = 9; includeInIndex = 0; lastKnownFileType = unknown; name = "Poppins-BoldItalic.ttf"; path = "../src/Assets/fonts/Poppins-BoldItalic.ttf"; sourceTree = "<group>"; };
		9AE5463B48BA411C85B1A682 /* Poppins-ThinItalic.ttf */ = {isa = PBXFileReference; explicitFileType = undefined; fileEncoding = 9; includeInIndex = 0; lastKnownFileType = unknown; name = "Poppins-ThinItalic.ttf"; path = "../src/Assets/Fonts/Poppins-ThinItalic.ttf"; sourceTree = "<group>"; };
		9FA6A15347C640ED906A0D7C /* Octicons.ttf */ = {isa = PBXFileReference; explicitFileType = undefined; fileEncoding = 9; includeInIndex = 0; lastKnownFileType = unknown; name = Octicons.ttf; path = "../node_modules/react-native-vector-icons/Fonts/Octicons.ttf"; sourceTree = "<group>"; };
		A04E419F735642DEA032EC82 /* Poppins-Medium.ttf */ = {isa = PBXFileReference; explicitFileType = undefined; fileEncoding = 9; includeInIndex = 0; lastKnownFileType = unknown; name = "Poppins-Medium.ttf"; path = "../src/Assets/Fonts/Poppins-Medium.ttf"; sourceTree = "<group>"; };
		A2B93AB5CEA04561A55441FB /* Poppins-LightItalic.ttf */ = {isa = PBXFileReference; explicitFileType = undefined; fileEncoding = 9; includeInIndex = 0; lastKnownFileType = unknown; name = "Poppins-LightItalic.ttf"; path = "../src/Assets/fonts/Poppins-LightItalic.ttf"; sourceTree = "<group>"; };
		A368ED75EF79498482E495F0 /* Poppins Medium.ttf */ = {isa = PBXFileReference; explicitFileType = undefined; fileEncoding = 9; includeInIndex = 0; lastKnownFileType = unknown; name = "Poppins Medium.ttf"; path = "../src/Assets/Fonts/Poppins Medium.ttf"; sourceTree = "<group>"; };
		A429617CAC324F7B83385016 /* Poppins-Medium.ttf */ = {isa = PBXFileReference; explicitFileType = undefined; fileEncoding = 9; includeInIndex = 0; lastKnownFileType = unknown; name = "Poppins-Medium.ttf"; path = "../src/Assets/fonts/Poppins-Medium.ttf"; sourceTree = "<group>"; };
		A83E3B188A4048FE997AC642 /* Poppins-Thin.ttf */ = {isa = PBXFileReference; explicitFileType = undefined; fileEncoding = 9; includeInIndex = 0; lastKnownFileType = unknown; name = "Poppins-Thin.ttf"; path = "../src/Assets/fonts/Poppins-Thin.ttf"; sourceTree = "<group>"; };
		B3AC23EF47C948AFB7AE9C9E /* Poppins-BoldItalic.ttf */ = {isa = PBXFileReference; explicitFileType = undefined; fileEncoding = 9; includeInIndex = 0; lastKnownFileType = unknown; name = "Poppins-BoldItalic.ttf"; path = "../src/Assets/Fonts/Poppins-BoldItalic.ttf"; sourceTree = "<group>"; };
		B45681F998A04FFD97A467B3 /* Ionicons.ttf */ = {isa = PBXFileReference; explicitFileType = undefined; fileEncoding = 9; includeInIndex = 0; lastKnownFileType = unknown; name = Ionicons.ttf; path = "../node_modules/react-native-vector-icons/Fonts/Ionicons.ttf"; sourceTree = "<group>"; };
		BE524EB0BC434677AB1BE7FF /* Poppins ExtraBold.ttf */ = {isa = PBXFileReference; explicitFileType = undefined; fileEncoding = 9; includeInIndex = 0; lastKnownFileType = unknown; name = "Poppins ExtraBold.ttf"; path = "../src/Assets/Fonts/Poppins ExtraBold.ttf"; sourceTree = "<group>"; };
		C1302C5FF92645618306D69C /* Poppins ExtraBoldItalic.ttf */ = {isa = PBXFileReference; explicitFileType = undefined; fileEncoding = 9; includeInIndex = 0; lastKnownFileType = unknown; name = "Poppins ExtraBoldItalic.ttf"; path = "../src/Assets/Fonts/Poppins ExtraBoldItalic.ttf"; sourceTree = "<group>"; };
		C1A5A9B5533345418CEA8604 /* Poppins-SemiBoldItalic.ttf */ = {isa = PBXFileReference; explicitFileType = undefined; fileEncoding = 9; includeInIndex = 0; lastKnownFileType = unknown; name = "Poppins-SemiBoldItalic.ttf"; path = "../src/Assets/fonts/Poppins-SemiBoldItalic.ttf"; sourceTree = "<group>"; };
		C1EEC8D3E5DC44389CA0E543 /* Poppins Thin.ttf */ = {isa = PBXFileReference; explicitFileType = undefined; fileEncoding = 9; includeInIndex = 0; lastKnownFileType = unknown; name = "Poppins Thin.ttf"; path = "../src/Assets/Fonts/Poppins Thin.ttf"; sourceTree = "<group>"; };
		C570CC4ABB554780AC6E594D /* Poppins SemiBold.ttf */ = {isa = PBXFileReference; explicitFileType = undefined; fileEncoding = 9; includeInIndex = 0; lastKnownFileType = unknown; name = "Poppins SemiBold.ttf"; path = "../src/Assets/Fonts/Poppins SemiBold.ttf"; sourceTree = "<group>"; };
		CB99E48D3B3B4970937B1338 /* Poppins-ExtraLight.ttf */ = {isa = PBXFileReference; explicitFileType = undefined; fileEncoding = 9; includeInIndex = 0; lastKnownFileType = unknown; name = "Poppins-ExtraLight.ttf"; path = "../src/Assets/fonts/Poppins-ExtraLight.ttf"; sourceTree = "<group>"; };
		D5030132A8A246FAAC1B4691 /* AntDesign.ttf */ = {isa = PBXFileReference; explicitFileType = undefined; fileEncoding = 9; includeInIndex = 0; lastKnownFileType = unknown; name = AntDesign.ttf; path = "../node_modules/react-native-vector-icons/Fonts/AntDesign.ttf"; sourceTree = "<group>"; };
		D514E7F1EEFB4C6BA34F443C /* Poppins Light.ttf */ = {isa = PBXFileReference; explicitFileType = undefined; fileEncoding = 9; includeInIndex = 0; lastKnownFileType = unknown; name = "Poppins Light.ttf"; path = "../src/Assets/Fonts/Poppins Light.ttf"; sourceTree = "<group>"; };
		D7B3E26980FC45F596DD8930 /* FontAwesome5_Solid.ttf */ = {isa = PBXFileReference; explicitFileType = undefined; fileEncoding = 9; includeInIndex = 0; lastKnownFileType = unknown; name = FontAwesome5_Solid.ttf; path = "../node_modules/react-native-vector-icons/Fonts/FontAwesome5_Solid.ttf"; sourceTree = "<group>"; };
		E228BC9F45BE420CAEC6CFB4 /* Poppins BoldItalic.ttf */ = {isa = PBXFileReference; explicitFileType = undefined; fileEncoding = 9; includeInIndex = 0; lastKnownFileType = unknown; name = "Poppins BoldItalic.ttf"; path = "../src/Assets/Fonts/Poppins BoldItalic.ttf"; sourceTree = "<group>"; };
		E4CCB182510E446485532801 /* Poppins BlackItalic.ttf */ = {isa = PBXFileReference; explicitFileType = undefined; fileEncoding = 9; includeInIndex = 0; lastKnownFileType = unknown; name = "Poppins BlackItalic.ttf"; path = "../src/Assets/Fonts/Poppins BlackItalic.ttf"; sourceTree = "<group>"; };
		E562225C45734491B58C8EE2 /* Poppins-SemiBold.ttf */ = {isa = PBXFileReference; explicitFileType = undefined; fileEncoding = 9; includeInIndex = 0; lastKnownFileType = unknown; name = "Poppins-SemiBold.ttf"; path = "../src/Assets/fonts/Poppins-SemiBold.ttf"; sourceTree = "<group>"; };
		E707A933E360442B8C04C50E /* Poppins-BlackItalic.ttf */ = {isa = PBXFileReference; explicitFileType = undefined; fileEncoding = 9; includeInIndex = 0; lastKnownFileType = unknown; name = "Poppins-BlackItalic.ttf"; path = "../src/Assets/Fonts/Poppins-BlackItalic.ttf"; sourceTree = "<group>"; };
		E9E69215E07940B2AA3DBA28 /* Poppins-Regular.ttf */ = {isa = PBXFileReference; explicitFileType = undefined; fileEncoding = 9; includeInIndex = 0; lastKnownFileType = unknown; name = "Poppins-Regular.ttf"; path = "../src/Assets/fonts/Poppins-Regular.ttf"; sourceTree = "<group>"; };
		ED297162215061F000B7C4FE /* JavaScriptCore.framework */ = {isa = PBXFileReference; lastKnownFileType = wrapper.framework; name = JavaScriptCore.framework; path = System/Library/Frameworks/JavaScriptCore.framework; sourceTree = SDKROOT; };
		EF530116ED7C4CD4BC775ABA /* Poppins Bold.ttf */ = {isa = PBXFileReference; explicitFileType = undefined; fileEncoding = 9; includeInIndex = 0; lastKnownFileType = unknown; name = "Poppins Bold.ttf"; path = "../src/Assets/Fonts/Poppins Bold.ttf"; sourceTree = "<group>"; };
		EF5B93C48C544960ABE8CBE2 /* Poppins LightItalic.ttf */ = {isa = PBXFileReference; explicitFileType = undefined; fileEncoding = 9; includeInIndex = 0; lastKnownFileType = unknown; name = "Poppins LightItalic.ttf"; path = "../src/Assets/Fonts/Poppins LightItalic.ttf"; sourceTree = "<group>"; };
		F941B8A1E5E74F7FB481603F /* Poppins-Light.ttf */ = {isa = PBXFileReference; explicitFileType = undefined; fileEncoding = 9; includeInIndex = 0; lastKnownFileType = unknown; name = "Poppins-Light.ttf"; path = "../src/Assets/fonts/Poppins-Light.ttf"; sourceTree = "<group>"; };
/* End PBXFileReference section */

/* Begin PBXFrameworksBuildPhase section */
		00E356EB1AD99517003FC87E /* Frameworks */ = {
			isa = PBXFrameworksBuildPhase;
			buildActionMask = 2147483647;
			files = (
				5B673838DE1FB2705CEBE5CA /* libPods-informov-informovTests.a in Frameworks */,
			);
			runOnlyForDeploymentPostprocessing = 0;
		};
		13B07F8C1A680F5B00A75B9A /* Frameworks */ = {
			isa = PBXFrameworksBuildPhase;
			buildActionMask = 2147483647;
			files = (
				98E88C9F37AE433B5A467516 /* libPods-informov.a in Frameworks */,
			);
			runOnlyForDeploymentPostprocessing = 0;
		};
/* End PBXFrameworksBuildPhase section */

/* Begin PBXGroup section */
		00E356EF1AD99517003FC87E /* informovTests */ = {
			isa = PBXGroup;
			children = (
				00E356F21AD99517003FC87E /* informovTests.m */,
				00E356F01AD99517003FC87E /* Supporting Files */,
			);
			path = informovTests;
			sourceTree = "<group>";
		};
		00E356F01AD99517003FC87E /* Supporting Files */ = {
			isa = PBXGroup;
			children = (
				00E356F11AD99517003FC87E /* Info.plist */,
			);
			name = "Supporting Files";
			sourceTree = "<group>";
		};
		13B07FAE1A68108700A75B9A /* informov */ = {
			isa = PBXGroup;
			children = (
				0AFDA0592A12659D007CADF8 /* informov.entitlements */,
				13B07FAF1A68108700A75B9A /* AppDelegate.h */,
				13B07FB01A68108700A75B9A /* AppDelegate.m */,
				13B07FB51A68108700A75B9A /* Images.xcassets */,
				13B07FB61A68108700A75B9A /* Info.plist */,
				81AB9BB72411601600AC10FF /* LaunchScreen.storyboard */,
				13B07FB71A68108700A75B9A /* main.m */,
			);
			name = informov;
			sourceTree = "<group>";
		};
		2D16E6871FA4F8E400B85C8A /* Frameworks */ = {
			isa = PBXGroup;
			children = (
				ED297162215061F000B7C4FE /* JavaScriptCore.framework */,
				7B7677C02B145A19874A5457 /* libPods-informov.a */,
				7D11A0494E50013C40CD8C04 /* libPods-informov-informovTests.a */,
			);
			name = Frameworks;
			sourceTree = "<group>";
		};
		832341AE1AAA6A7D00B99B32 /* Libraries */ = {
			isa = PBXGroup;
			children = (
			);
			name = Libraries;
			sourceTree = "<group>";
		};
		83CBB9F61A601CBA00E9B192 = {
			isa = PBXGroup;
			children = (
				13B07FAE1A68108700A75B9A /* informov */,
				832341AE1AAA6A7D00B99B32 /* Libraries */,
				00E356EF1AD99517003FC87E /* informovTests */,
				83CBBA001A601CBA00E9B192 /* Products */,
				2D16E6871FA4F8E400B85C8A /* Frameworks */,
				D960DF31CE404083896032FC /* Resources */,
				F6AB19B14CD38CC71D4AC9F1 /* Pods */,
			);
			indentWidth = 2;
			sourceTree = "<group>";
			tabWidth = 2;
			usesTabs = 0;
		};
		83CBBA001A601CBA00E9B192 /* Products */ = {
			isa = PBXGroup;
			children = (
				13B07F961A680F5B00A75B9A /* informov.app */,
				00E356EE1AD99517003FC87E /* informovTests.xctest */,
			);
			name = Products;
			sourceTree = "<group>";
		};
		D960DF31CE404083896032FC /* Resources */ = {
			isa = PBXGroup;
			children = (
				7C4D8495962E46F3A698BBC2 /* Poppins-Black.ttf */,
				65C81678ACD44D99A22BC16E /* Poppins-BlackItalic.ttf */,
				2B8A2278AFDA4BFDA827AEF3 /* Poppins-Bold.ttf */,
				99B93720AA7745D8907CEF71 /* Poppins-BoldItalic.ttf */,
				70AE3E302922443FBB64AAA1 /* Poppins-ExtraBold.ttf */,
				2C8D146D2BAB498DBE6CD048 /* Poppins-ExtraBoldItalic.ttf */,
				CB99E48D3B3B4970937B1338 /* Poppins-ExtraLight.ttf */,
				1AFFC2C76A574F95BA3E15C1 /* Poppins-ExtraLightItalic.ttf */,
				75BD7D0E1A904CEFB1172746 /* Poppins-Italic.ttf */,
				F941B8A1E5E74F7FB481603F /* Poppins-Light.ttf */,
				A2B93AB5CEA04561A55441FB /* Poppins-LightItalic.ttf */,
				A429617CAC324F7B83385016 /* Poppins-Medium.ttf */,
				4531F6ACA46046F78E90E8DF /* Poppins-MediumItalic.ttf */,
				E9E69215E07940B2AA3DBA28 /* Poppins-Regular.ttf */,
				E562225C45734491B58C8EE2 /* Poppins-SemiBold.ttf */,
				C1A5A9B5533345418CEA8604 /* Poppins-SemiBoldItalic.ttf */,
				A83E3B188A4048FE997AC642 /* Poppins-Thin.ttf */,
				11FD5291424E42B48D4954BB /* Poppins-ThinItalic.ttf */,
				D5030132A8A246FAAC1B4691 /* AntDesign.ttf */,
				1C058DC60A6C475081636225 /* Entypo.ttf */,
				7C4927DD0C0A42648F007FF8 /* EvilIcons.ttf */,
				187A6EE79E8C4482A44D3825 /* Feather.ttf */,
				0416A4AD449E4E69813D0C28 /* FontAwesome.ttf */,
				85CDD597480C4F65B0564AFC /* FontAwesome5_Brands.ttf */,
				276D18EF9CCF485EB9EF8609 /* FontAwesome5_Regular.ttf */,
				D7B3E26980FC45F596DD8930 /* FontAwesome5_Solid.ttf */,
				5CDF837970744FB9A73C5C1E /* Fontisto.ttf */,
				18EE6F3E1DF6444DBC955A55 /* Foundation.ttf */,
				B45681F998A04FFD97A467B3 /* Ionicons.ttf */,
				27E00BBA8C3747DA9190173C /* MaterialCommunityIcons.ttf */,
				695C9E36EA2442E694A18818 /* MaterialIcons.ttf */,
				9FA6A15347C640ED906A0D7C /* Octicons.ttf */,
				868CFFD8F5B84A72A996A34F /* SimpleLineIcons.ttf */,
				74843A5702AA4936890DA9D5 /* Zocial.ttf */,
				8492B95D2695485C93895EE3 /* Poppins-Black.ttf */,
				E707A933E360442B8C04C50E /* Poppins-BlackItalic.ttf */,
				042F33065F6A49B79B61411A /* Poppins-Bold.ttf */,
				B3AC23EF47C948AFB7AE9C9E /* Poppins-BoldItalic.ttf */,
				01A6CED909CC4C16982663A9 /* Poppins-ExtraBold.ttf */,
				52A76F94E2774A2C94F072F6 /* Poppins-ExtraBoldItalic.ttf */,
				36D215596E91415DA4BCF294 /* Poppins-ExtraLight.ttf */,
				73F28E31CA9C4CE9922F2FC9 /* Poppins-ExtraLightItalic.ttf */,
				59B3BC1EEE5C4C98857FADD4 /* Poppins-Italic.ttf */,
				89695B09FA384327AA0FDB19 /* Poppins-Light.ttf */,
				2E250A1486F345108E95E1C3 /* Poppins-LightItalic.ttf */,
				A04E419F735642DEA032EC82 /* Poppins-Medium.ttf */,
				4B1B903283A0482F8F8F9337 /* Poppins-MediumItalic.ttf */,
				1C89414FE1864FDCA77F5183 /* Poppins-Regular.ttf */,
				7885AF73C84E4B78AA888BA5 /* Poppins-SemiBold.ttf */,
				55F72A6D9D6644778FEAE904 /* Poppins-SemiBoldItalic.ttf */,
				6955407A7C474EA4964BCBB8 /* Poppins-Thin.ttf */,
				9AE5463B48BA411C85B1A682 /* Poppins-ThinItalic.ttf */,
				74A8AF0218D244489E9648BF /* Poppins Black.ttf */,
				E4CCB182510E446485532801 /* Poppins BlackItalic.ttf */,
				EF530116ED7C4CD4BC775ABA /* Poppins Bold.ttf */,
				E228BC9F45BE420CAEC6CFB4 /* Poppins BoldItalic.ttf */,
				BE524EB0BC434677AB1BE7FF /* Poppins ExtraBold.ttf */,
				C1302C5FF92645618306D69C /* Poppins ExtraBoldItalic.ttf */,
				58EEDE937CD444F0B5DFD123 /* Poppins ExtraLight.ttf */,
				8681759082A146419472439B /* Poppins ExtraLightItalic.ttf */,
				1F0B031F1F924128ACB61402 /* Poppins Italic.ttf */,
				D514E7F1EEFB4C6BA34F443C /* Poppins Light.ttf */,
				EF5B93C48C544960ABE8CBE2 /* Poppins LightItalic.ttf */,
				A368ED75EF79498482E495F0 /* Poppins Medium.ttf */,
				750B5629A4E3440DA6DA75F0 /* Poppins MediumItalic.ttf */,
				272FB7F3E67B4668B059F6B8 /* Poppins Regular.ttf */,
				C570CC4ABB554780AC6E594D /* Poppins SemiBold.ttf */,
				2FAF77578A7640E28210A0C9 /* Poppins SemiBoldItalic.ttf */,
				C1EEC8D3E5DC44389CA0E543 /* Poppins Thin.ttf */,
				2B8011CD9EA34A6F9E3F3B2B /* Poppins ThinItalic.ttf */,
			);
			name = Resources;
			sourceTree = "<group>";
		};
		F6AB19B14CD38CC71D4AC9F1 /* Pods */ = {
			isa = PBXGroup;
			children = (
				8707D8FE689BB930660AE115 /* Pods-informov.debug.xcconfig */,
				78991B46180FAFAC582E0488 /* Pods-informov.release.xcconfig */,
				10378C5BA86532A5D0881E54 /* Pods-informov-informovTests.debug.xcconfig */,
				5509D6C245BEDF98C50E1759 /* Pods-informov-informovTests.release.xcconfig */,
			);
			path = Pods;
			sourceTree = "<group>";
		};
/* End PBXGroup section */

/* Begin PBXNativeTarget section */
		00E356ED1AD99517003FC87E /* informovTests */ = {
			isa = PBXNativeTarget;
			buildConfigurationList = 00E357021AD99517003FC87E /* Build configuration list for PBXNativeTarget "informovTests" */;
			buildPhases = (
				E5FCE969DAA7BA0778C86447 /* [CP] Check Pods Manifest.lock */,
				00E356EA1AD99517003FC87E /* Sources */,
				00E356EB1AD99517003FC87E /* Frameworks */,
				00E356EC1AD99517003FC87E /* Resources */,
				72C344BDDBB27038503A1767 /* [CP] Embed Pods Frameworks */,
				D52735C1F52F1E2C988252C9 /* [CP] Copy Pods Resources */,
			);
			buildRules = (
			);
			dependencies = (
				00E356F51AD99517003FC87E /* PBXTargetDependency */,
			);
			name = informovTests;
			productName = informovTests;
			productReference = 00E356EE1AD99517003FC87E /* informovTests.xctest */;
			productType = "com.apple.product-type.bundle.unit-test";
		};
		13B07F861A680F5B00A75B9A /* informov */ = {
			isa = PBXNativeTarget;
			buildConfigurationList = 13B07F931A680F5B00A75B9A /* Build configuration list for PBXNativeTarget "informov" */;
			buildPhases = (
				5A04EEE5992EA10A9A505853 /* [CP] Check Pods Manifest.lock */,
				FD10A7F022414F080027D42C /* Start Packager */,
				13B07F871A680F5B00A75B9A /* Sources */,
				13B07F8C1A680F5B00A75B9A /* Frameworks */,
				13B07F8E1A680F5B00A75B9A /* Resources */,
				00DD1BFF1BD5951E006B06BC /* Bundle React Native code and images */,
				6709F0658395132F6DD10E86 /* [CP] Embed Pods Frameworks */,
				A91B72A9CFF0C443883C0F9A /* [CP] Copy Pods Resources */,
			);
			buildRules = (
			);
			dependencies = (
			);
			name = informov;
			productName = informov;
			productReference = 13B07F961A680F5B00A75B9A /* informov.app */;
			productType = "com.apple.product-type.application";
		};
/* End PBXNativeTarget section */

/* Begin PBXProject section */
		83CBB9F71A601CBA00E9B192 /* Project object */ = {
			isa = PBXProject;
			attributes = {
				LastUpgradeCheck = 1210;
				TargetAttributes = {
					00E356ED1AD99517003FC87E = {
						CreatedOnToolsVersion = 6.2;
						TestTargetID = 13B07F861A680F5B00A75B9A;
					};
					13B07F861A680F5B00A75B9A = {
						LastSwiftMigration = 1120;
					};
				};
			};
			buildConfigurationList = 83CBB9FA1A601CBA00E9B192 /* Build configuration list for PBXProject "Informov" */;
			compatibilityVersion = "Xcode 11.0";
			developmentRegion = en;
			hasScannedForEncodings = 0;
			knownRegions = (
				en,
				Base,
			);
			mainGroup = 83CBB9F61A601CBA00E9B192;
			productRefGroup = 83CBBA001A601CBA00E9B192 /* Products */;
			projectDirPath = "";
			projectRoot = "";
			targets = (
				13B07F861A680F5B00A75B9A /* informov */,
				00E356ED1AD99517003FC87E /* informovTests */,
			);
		};
/* End PBXProject section */

/* Begin PBXResourcesBuildPhase section */
		00E356EC1AD99517003FC87E /* Resources */ = {
			isa = PBXResourcesBuildPhase;
			buildActionMask = 2147483647;
			files = (
			);
			runOnlyForDeploymentPostprocessing = 0;
		};
		13B07F8E1A680F5B00A75B9A /* Resources */ = {
			isa = PBXResourcesBuildPhase;
			buildActionMask = 2147483647;
			files = (
				81AB9BB82411601600AC10FF /* LaunchScreen.storyboard in Resources */,
				13B07FBF1A68108700A75B9A /* Images.xcassets in Resources */,
				ECDC27FD71B341E4A14A200B /* Poppins Black.ttf in Resources */,
				170A36F22693461BB79AEBBF /* Poppins BlackItalic.ttf in Resources */,
				3363F736D2F84D79905AC2A2 /* Poppins Bold.ttf in Resources */,
				CC81A5BF24A9425EBDAB6DCE /* Poppins BoldItalic.ttf in Resources */,
				BE095AFBC5FB40C6BB56D150 /* Poppins ExtraBold.ttf in Resources */,
				F387BF1EC12949869E8F5CBE /* Poppins ExtraBoldItalic.ttf in Resources */,
				0948FD60D88D416F978EF58C /* Poppins ExtraLight.ttf in Resources */,
				AAEB6381AAD148ACB5EC64C6 /* Poppins ExtraLightItalic.ttf in Resources */,
				6D974440D3D746879C659B16 /* Poppins Italic.ttf in Resources */,
				41F8E94BEF2043EF8682BA1C /* Poppins Light.ttf in Resources */,
				A100CB596C974985BBC8CC80 /* Poppins LightItalic.ttf in Resources */,
				5A0B5766E5DD41DA96CB2763 /* Poppins Medium.ttf in Resources */,
				99A85ADBEEF74BE1A00D87A9 /* Poppins MediumItalic.ttf in Resources */,
				7BF67AA855954C328086E9F7 /* Poppins Regular.ttf in Resources */,
				81EF314F84134F8A85CB495E /* Poppins SemiBold.ttf in Resources */,
				A8814D1DDEC54CC9B1488B15 /* Poppins SemiBoldItalic.ttf in Resources */,
				457FAFA1B92D4B43AF5E52CE /* Poppins Thin.ttf in Resources */,
				2B4941AD925A498BBE0E95FF /* Poppins ThinItalic.ttf in Resources */,
			);
			runOnlyForDeploymentPostprocessing = 0;
		};
/* End PBXResourcesBuildPhase section */

/* Begin PBXShellScriptBuildPhase section */
		00DD1BFF1BD5951E006B06BC /* Bundle React Native code and images */ = {
			isa = PBXShellScriptBuildPhase;
			buildActionMask = 2147483647;
			files = (
			);
			inputPaths = (
			);
			name = "Bundle React Native code and images";
			outputPaths = (
			);
			runOnlyForDeploymentPostprocessing = 0;
			shellPath = /bin/sh;
			shellScript = "set -e\n\nexport NODE_BINARY=node\n../node_modules/react-native/scripts/react-native-xcode.sh\n";
		};
		5A04EEE5992EA10A9A505853 /* [CP] Check Pods Manifest.lock */ = {
			isa = PBXShellScriptBuildPhase;
			buildActionMask = 2147483647;
			files = (
			);
			inputFileListPaths = (
			);
			inputPaths = (
				"${PODS_PODFILE_DIR_PATH}/Podfile.lock",
				"${PODS_ROOT}/Manifest.lock",
			);
			name = "[CP] Check Pods Manifest.lock";
			outputFileListPaths = (
			);
			outputPaths = (
				"$(DERIVED_FILE_DIR)/Pods-informov-checkManifestLockResult.txt",
			);
			runOnlyForDeploymentPostprocessing = 0;
			shellPath = /bin/sh;
			shellScript = "diff \"${PODS_PODFILE_DIR_PATH}/Podfile.lock\" \"${PODS_ROOT}/Manifest.lock\" > /dev/null\nif [ $? != 0 ] ; then\n    # print error to STDERR\n    echo \"error: The sandbox is not in sync with the Podfile.lock. Run 'pod install' or update your CocoaPods installation.\" >&2\n    exit 1\nfi\n# This output is used by Xcode 'outputs' to avoid re-running this script phase.\necho \"SUCCESS\" > \"${SCRIPT_OUTPUT_FILE_0}\"\n";
			showEnvVarsInLog = 0;
		};
		6709F0658395132F6DD10E86 /* [CP] Embed Pods Frameworks */ = {
			isa = PBXShellScriptBuildPhase;
			buildActionMask = 2147483647;
			files = (
			);
			inputFileListPaths = (
				"${PODS_ROOT}/Target Support Files/Pods-informov/Pods-informov-frameworks-${CONFIGURATION}-input-files.xcfilelist",
			);
			name = "[CP] Embed Pods Frameworks";
			outputFileListPaths = (
				"${PODS_ROOT}/Target Support Files/Pods-informov/Pods-informov-frameworks-${CONFIGURATION}-output-files.xcfilelist",
			);
			runOnlyForDeploymentPostprocessing = 0;
			shellPath = /bin/sh;
			shellScript = "\"${PODS_ROOT}/Target Support Files/Pods-informov/Pods-informov-frameworks.sh\"\n";
			showEnvVarsInLog = 0;
		};
		72C344BDDBB27038503A1767 /* [CP] Embed Pods Frameworks */ = {
			isa = PBXShellScriptBuildPhase;
			buildActionMask = 2147483647;
			files = (
			);
			inputFileListPaths = (
				"${PODS_ROOT}/Target Support Files/Pods-informov-informovTests/Pods-informov-informovTests-frameworks-${CONFIGURATION}-input-files.xcfilelist",
			);
			name = "[CP] Embed Pods Frameworks";
			outputFileListPaths = (
				"${PODS_ROOT}/Target Support Files/Pods-informov-informovTests/Pods-informov-informovTests-frameworks-${CONFIGURATION}-output-files.xcfilelist",
			);
			runOnlyForDeploymentPostprocessing = 0;
			shellPath = /bin/sh;
			shellScript = "\"${PODS_ROOT}/Target Support Files/Pods-informov-informovTests/Pods-informov-informovTests-frameworks.sh\"\n";
			showEnvVarsInLog = 0;
		};
		A91B72A9CFF0C443883C0F9A /* [CP] Copy Pods Resources */ = {
			isa = PBXShellScriptBuildPhase;
			buildActionMask = 2147483647;
			files = (
			);
			inputFileListPaths = (
				"${PODS_ROOT}/Target Support Files/Pods-informov/Pods-informov-resources-${CONFIGURATION}-input-files.xcfilelist",
			);
			name = "[CP] Copy Pods Resources";
			outputFileListPaths = (
				"${PODS_ROOT}/Target Support Files/Pods-informov/Pods-informov-resources-${CONFIGURATION}-output-files.xcfilelist",
			);
			runOnlyForDeploymentPostprocessing = 0;
			shellPath = /bin/sh;
			shellScript = "\"${PODS_ROOT}/Target Support Files/Pods-informov/Pods-informov-resources.sh\"\n";
			showEnvVarsInLog = 0;
		};
		D52735C1F52F1E2C988252C9 /* [CP] Copy Pods Resources */ = {
			isa = PBXShellScriptBuildPhase;
			buildActionMask = 2147483647;
			files = (
			);
			inputFileListPaths = (
				"${PODS_ROOT}/Target Support Files/Pods-informov-informovTests/Pods-informov-informovTests-resources-${CONFIGURATION}-input-files.xcfilelist",
			);
			name = "[CP] Copy Pods Resources";
			outputFileListPaths = (
				"${PODS_ROOT}/Target Support Files/Pods-informov-informovTests/Pods-informov-informovTests-resources-${CONFIGURATION}-output-files.xcfilelist",
			);
			runOnlyForDeploymentPostprocessing = 0;
			shellPath = /bin/sh;
			shellScript = "\"${PODS_ROOT}/Target Support Files/Pods-informov-informovTests/Pods-informov-informovTests-resources.sh\"\n";
			showEnvVarsInLog = 0;
		};
		E5FCE969DAA7BA0778C86447 /* [CP] Check Pods Manifest.lock */ = {
			isa = PBXShellScriptBuildPhase;
			buildActionMask = 2147483647;
			files = (
			);
			inputFileListPaths = (
			);
			inputPaths = (
				"${PODS_PODFILE_DIR_PATH}/Podfile.lock",
				"${PODS_ROOT}/Manifest.lock",
			);
			name = "[CP] Check Pods Manifest.lock";
			outputFileListPaths = (
			);
			outputPaths = (
				"$(DERIVED_FILE_DIR)/Pods-informov-informovTests-checkManifestLockResult.txt",
			);
			runOnlyForDeploymentPostprocessing = 0;
			shellPath = /bin/sh;
			shellScript = "diff \"${PODS_PODFILE_DIR_PATH}/Podfile.lock\" \"${PODS_ROOT}/Manifest.lock\" > /dev/null\nif [ $? != 0 ] ; then\n    # print error to STDERR\n    echo \"error: The sandbox is not in sync with the Podfile.lock. Run 'pod install' or update your CocoaPods installation.\" >&2\n    exit 1\nfi\n# This output is used by Xcode 'outputs' to avoid re-running this script phase.\necho \"SUCCESS\" > \"${SCRIPT_OUTPUT_FILE_0}\"\n";
			showEnvVarsInLog = 0;
		};
		FD10A7F022414F080027D42C /* Start Packager */ = {
			isa = PBXShellScriptBuildPhase;
			buildActionMask = 2147483647;
			files = (
			);
			inputFileListPaths = (
			);
			inputPaths = (
			);
			name = "Start Packager";
			outputFileListPaths = (
			);
			outputPaths = (
			);
			runOnlyForDeploymentPostprocessing = 0;
			shellPath = /bin/sh;
			shellScript = "export RCT_METRO_PORT=\"${RCT_METRO_PORT:=8081}\"\necho \"export RCT_METRO_PORT=${RCT_METRO_PORT}\" > \"${SRCROOT}/../node_modules/react-native/scripts/.packager.env\"\nif [ -z \"${RCT_NO_LAUNCH_PACKAGER+xxx}\" ] ; then\n  if nc -w 5 -z localhost ${RCT_METRO_PORT} ; then\n    if ! curl -s \"http://localhost:${RCT_METRO_PORT}/status\" | grep -q \"packager-status:running\" ; then\n      echo \"Port ${RCT_METRO_PORT} already in use, packager is either not running or not running correctly\"\n      exit 2\n    fi\n  else\n    open \"$SRCROOT/../node_modules/react-native/scripts/launchPackager.command\" || echo \"Can't start packager automatically\"\n  fi\nfi\n";
			showEnvVarsInLog = 0;
		};
/* End PBXShellScriptBuildPhase section */

/* Begin PBXSourcesBuildPhase section */
		00E356EA1AD99517003FC87E /* Sources */ = {
			isa = PBXSourcesBuildPhase;
			buildActionMask = 2147483647;
			files = (
				00E356F31AD99517003FC87E /* informovTests.m in Sources */,
			);
			runOnlyForDeploymentPostprocessing = 0;
		};
		13B07F871A680F5B00A75B9A /* Sources */ = {
			isa = PBXSourcesBuildPhase;
			buildActionMask = 2147483647;
			files = (
				13B07FBC1A68108700A75B9A /* AppDelegate.m in Sources */,
				13B07FC11A68108700A75B9A /* main.m in Sources */,
			);
			runOnlyForDeploymentPostprocessing = 0;
		};
/* End PBXSourcesBuildPhase section */

/* Begin PBXTargetDependency section */
		00E356F51AD99517003FC87E /* PBXTargetDependency */ = {
			isa = PBXTargetDependency;
			target = 13B07F861A680F5B00A75B9A /* informov */;
			targetProxy = 00E356F41AD99517003FC87E /* PBXContainerItemProxy */;
		};
/* End PBXTargetDependency section */

/* Begin XCBuildConfiguration section */
		00E356F61AD99517003FC87E /* Debug */ = {
			isa = XCBuildConfiguration;
			baseConfigurationReference = 10378C5BA86532A5D0881E54 /* Pods-informov-informovTests.debug.xcconfig */;
			buildSettings = {
				BUNDLE_LOADER = "$(TEST_HOST)";
				"CODE_SIGN_IDENTITY[sdk=macosx*]" = "-";
				DEVELOPMENT_TEAM = J3U59372KB;
				GCC_PREPROCESSOR_DEFINITIONS = (
					"DEBUG=1",
					"$(inherited)",
				);
				INFOPLIST_FILE = informovTests/Info.plist;
				IPHONEOS_DEPLOYMENT_TARGET = 11.0;
				LD_RUNPATH_SEARCH_PATHS = (
					"$(inherited)",
					"@executable_path/Frameworks",
					"@loader_path/Frameworks",
				);
				OTHER_LDFLAGS = (
					"-ObjC",
					"-lc++",
					"$(inherited)",
				);
				PRODUCT_BUNDLE_IDENTIFIER = com.netmidia.its;
				PRODUCT_NAME = "$(TARGET_NAME)";
				TEST_HOST = "$(BUILT_PRODUCTS_DIR)/informov.app/informov";
			};
			name = Debug;
		};
		00E356F71AD99517003FC87E /* Release */ = {
			isa = XCBuildConfiguration;
			baseConfigurationReference = 5509D6C245BEDF98C50E1759 /* Pods-informov-informovTests.release.xcconfig */;
			buildSettings = {
				BUNDLE_LOADER = "$(TEST_HOST)";
				"CODE_SIGN_IDENTITY[sdk=macosx*]" = "-";
				COPY_PHASE_STRIP = NO;
				DEVELOPMENT_TEAM = J3U59372KB;
				INFOPLIST_FILE = informovTests/Info.plist;
				IPHONEOS_DEPLOYMENT_TARGET = 11.0;
				LD_RUNPATH_SEARCH_PATHS = (
					"$(inherited)",
					"@executable_path/Frameworks",
					"@loader_path/Frameworks",
				);
				OTHER_LDFLAGS = (
					"-ObjC",
					"-lc++",
					"$(inherited)",
				);
				PRODUCT_BUNDLE_IDENTIFIER = com.netmidia.its;
				PRODUCT_NAME = "$(TARGET_NAME)";
				TEST_HOST = "$(BUILT_PRODUCTS_DIR)/informov.app/informov";
			};
			name = Release;
		};
		13B07F941A680F5B00A75B9A /* Debug */ = {
			isa = XCBuildConfiguration;
			baseConfigurationReference = 8707D8FE689BB930660AE115 /* Pods-informov.debug.xcconfig */;
			buildSettings = {
				ASSETCATALOG_COMPILER_APPICON_NAME = AppIcon;
				CLANG_ENABLE_MODULES = YES;
				CODE_SIGN_ENTITLEMENTS = informov/informov.entitlements;
				CODE_SIGN_IDENTITY = "Apple Development";
				CODE_SIGN_STYLE = Automatic;
				CURRENT_PROJECT_VERSION = 3;
				DEVELOPMENT_TEAM = J3U59372KB;
				ENABLE_BITCODE = NO;
				INFOPLIST_FILE = informov/Info.plist;
				INFOPLIST_KEY_CFBundleDisplayName = Informov;
				LD_RUNPATH_SEARCH_PATHS = (
					"$(inherited)",
					"@executable_path/Frameworks",
				);
				MARKETING_VERSION = 1.0.4;
				OTHER_LDFLAGS = (
					"$(inherited)",
					"-ObjC",
					"-lc++",
				);
				PRODUCT_BUNDLE_IDENTIFIER = com.netmidia.its;
				PRODUCT_NAME = informov;
				PROVISIONING_PROFILE_SPECIFIER = "";
				SWIFT_OPTIMIZATION_LEVEL = "-Onone";
				SWIFT_VERSION = 5.0;
				VERSIONING_SYSTEM = "apple-generic";
			};
			name = Debug;
		};
		13B07F951A680F5B00A75B9A /* Release */ = {
			isa = XCBuildConfiguration;
			baseConfigurationReference = 78991B46180FAFAC582E0488 /* Pods-informov.release.xcconfig */;
			buildSettings = {
				ASSETCATALOG_COMPILER_APPICON_NAME = AppIcon;
				CLANG_ENABLE_MODULES = YES;
				CODE_SIGN_ENTITLEMENTS = informov/informov.entitlements;
				CODE_SIGN_IDENTITY = "Apple Development";
				CODE_SIGN_STYLE = Automatic;
				CURRENT_PROJECT_VERSION = 3;
				DEVELOPMENT_TEAM = J3U59372KB;
				INFOPLIST_FILE = informov/Info.plist;
				INFOPLIST_KEY_CFBundleDisplayName = Its Informov;
				LD_RUNPATH_SEARCH_PATHS = (
					"$(inherited)",
					"@executable_path/Frameworks",
				);
				MARKETING_VERSION = 1.0.4;
				OTHER_LDFLAGS = (
					"$(inherited)",
					"-ObjC",
					"-lc++",
				);
				PRODUCT_BUNDLE_IDENTIFIER = com.netmidia.itsinformov;
				PRODUCT_NAME = informov;
				PROVISIONING_PROFILE_SPECIFIER = "";
				SWIFT_VERSION = 5.0;
				VERSIONING_SYSTEM = "apple-generic";
			};
			name = Release;
		};
		83CBBA201A601CBA00E9B192 /* Debug */ = {
			isa = XCBuildConfiguration;
			buildSettings = {
				ALWAYS_SEARCH_USER_PATHS = NO;
				CLANG_ANALYZER_LOCALIZABILITY_NONLOCALIZED = YES;
				CLANG_CXX_LANGUAGE_STANDARD = "gnu++0x";
				CLANG_CXX_LIBRARY = "libc++";
				CLANG_ENABLE_MODULES = YES;
				CLANG_ENABLE_OBJC_ARC = YES;
				CLANG_WARN_BLOCK_CAPTURE_AUTORELEASING = YES;
				CLANG_WARN_BOOL_CONVERSION = YES;
				CLANG_WARN_COMMA = YES;
				CLANG_WARN_CONSTANT_CONVERSION = YES;
				CLANG_WARN_DEPRECATED_OBJC_IMPLEMENTATIONS = YES;
				CLANG_WARN_DIRECT_OBJC_ISA_USAGE = YES_ERROR;
				CLANG_WARN_EMPTY_BODY = YES;
				CLANG_WARN_ENUM_CONVERSION = YES;
				CLANG_WARN_INFINITE_RECURSION = YES;
				CLANG_WARN_INT_CONVERSION = YES;
				CLANG_WARN_NON_LITERAL_NULL_CONVERSION = YES;
				CLANG_WARN_OBJC_IMPLICIT_RETAIN_SELF = YES;
				CLANG_WARN_OBJC_LITERAL_CONVERSION = YES;
				CLANG_WARN_OBJC_ROOT_CLASS = YES_ERROR;
				CLANG_WARN_QUOTED_INCLUDE_IN_FRAMEWORK_HEADER = YES;
				CLANG_WARN_RANGE_LOOP_ANALYSIS = YES;
				CLANG_WARN_STRICT_PROTOTYPES = YES;
				CLANG_WARN_SUSPICIOUS_MOVE = YES;
				CLANG_WARN_UNREACHABLE_CODE = YES;
				CLANG_WARN__DUPLICATE_METHOD_MATCH = YES;
				"CODE_SIGN_IDENTITY[sdk=iphoneos*]" = "iPhone Developer";
				COPY_PHASE_STRIP = NO;
				ENABLE_STRICT_OBJC_MSGSEND = YES;
				ENABLE_TESTABILITY = YES;
				"EXCLUDED_ARCHS[sdk=iphonesimulator*]" = "";
				GCC_C_LANGUAGE_STANDARD = gnu99;
				GCC_DYNAMIC_NO_PIC = NO;
				GCC_NO_COMMON_BLOCKS = YES;
				GCC_OPTIMIZATION_LEVEL = 0;
				GCC_PREPROCESSOR_DEFINITIONS = (
					"DEBUG=1",
					"$(inherited)",
				);
				GCC_SYMBOLS_PRIVATE_EXTERN = NO;
				GCC_WARN_64_TO_32_BIT_CONVERSION = YES;
				GCC_WARN_ABOUT_RETURN_TYPE = YES_ERROR;
				GCC_WARN_UNDECLARED_SELECTOR = YES;
				GCC_WARN_UNINITIALIZED_AUTOS = YES_AGGRESSIVE;
				GCC_WARN_UNUSED_FUNCTION = YES;
				GCC_WARN_UNUSED_VARIABLE = YES;
				IPHONEOS_DEPLOYMENT_TARGET = 11.0;
				LD_RUNPATH_SEARCH_PATHS = (
					/usr/lib/swift,
					"$(inherited)",
				);
				LIBRARY_SEARCH_PATHS = (
					"\"$(SDKROOT)/usr/lib/swift\"",
					"\"$(TOOLCHAIN_DIR)/usr/lib/swift/$(PLATFORM_NAME)\"",
					"\"$(inherited)\"",
				);
				MTL_ENABLE_DEBUG_INFO = YES;
				ONLY_ACTIVE_ARCH = YES;
				SDKROOT = iphoneos;
			};
			name = Debug;
		};
		83CBBA211A601CBA00E9B192 /* Release */ = {
			isa = XCBuildConfiguration;
			buildSettings = {
				ALWAYS_SEARCH_USER_PATHS = NO;
				CLANG_ANALYZER_LOCALIZABILITY_NONLOCALIZED = YES;
				CLANG_CXX_LANGUAGE_STANDARD = "gnu++0x";
				CLANG_CXX_LIBRARY = "libc++";
				CLANG_ENABLE_MODULES = YES;
				CLANG_ENABLE_OBJC_ARC = YES;
				CLANG_WARN_BLOCK_CAPTURE_AUTORELEASING = YES;
				CLANG_WARN_BOOL_CONVERSION = YES;
				CLANG_WARN_COMMA = YES;
				CLANG_WARN_CONSTANT_CONVERSION = YES;
				CLANG_WARN_DEPRECATED_OBJC_IMPLEMENTATIONS = YES;
				CLANG_WARN_DIRECT_OBJC_ISA_USAGE = YES_ERROR;
				CLANG_WARN_EMPTY_BODY = YES;
				CLANG_WARN_ENUM_CONVERSION = YES;
				CLANG_WARN_INFINITE_RECURSION = YES;
				CLANG_WARN_INT_CONVERSION = YES;
				CLANG_WARN_NON_LITERAL_NULL_CONVERSION = YES;
				CLANG_WARN_OBJC_IMPLICIT_RETAIN_SELF = YES;
				CLANG_WARN_OBJC_LITERAL_CONVERSION = YES;
				CLANG_WARN_OBJC_ROOT_CLASS = YES_ERROR;
				CLANG_WARN_QUOTED_INCLUDE_IN_FRAMEWORK_HEADER = YES;
				CLANG_WARN_RANGE_LOOP_ANALYSIS = YES;
				CLANG_WARN_STRICT_PROTOTYPES = YES;
				CLANG_WARN_SUSPICIOUS_MOVE = YES;
				CLANG_WARN_UNREACHABLE_CODE = YES;
				CLANG_WARN__DUPLICATE_METHOD_MATCH = YES;
				"CODE_SIGN_IDENTITY[sdk=iphoneos*]" = "iPhone Developer";
				COPY_PHASE_STRIP = YES;
				ENABLE_NS_ASSERTIONS = NO;
				ENABLE_STRICT_OBJC_MSGSEND = YES;
				"EXCLUDED_ARCHS[sdk=iphonesimulator*]" = "";
				GCC_C_LANGUAGE_STANDARD = gnu99;
				GCC_NO_COMMON_BLOCKS = YES;
				GCC_WARN_64_TO_32_BIT_CONVERSION = YES;
				GCC_WARN_ABOUT_RETURN_TYPE = YES_ERROR;
				GCC_WARN_UNDECLARED_SELECTOR = YES;
				GCC_WARN_UNINITIALIZED_AUTOS = YES_AGGRESSIVE;
				GCC_WARN_UNUSED_FUNCTION = YES;
				GCC_WARN_UNUSED_VARIABLE = YES;
				IPHONEOS_DEPLOYMENT_TARGET = 11.0;
				LD_RUNPATH_SEARCH_PATHS = (
					/usr/lib/swift,
					"$(inherited)",
				);
				LIBRARY_SEARCH_PATHS = (
					"\"$(SDKROOT)/usr/lib/swift\"",
					"\"$(TOOLCHAIN_DIR)/usr/lib/swift/$(PLATFORM_NAME)\"",
					"\"$(inherited)\"",
				);
				MTL_ENABLE_DEBUG_INFO = NO;
				SDKROOT = iphoneos;
				VALIDATE_PRODUCT = YES;
			};
			name = Release;
		};
/* End XCBuildConfiguration section */

/* Begin XCConfigurationList section */
		00E357021AD99517003FC87E /* Build configuration list for PBXNativeTarget "informovTests" */ = {
			isa = XCConfigurationList;
			buildConfigurations = (
				00E356F61AD99517003FC87E /* Debug */,
				00E356F71AD99517003FC87E /* Release */,
			);
			defaultConfigurationIsVisible = 0;
			defaultConfigurationName = Release;
		};
		13B07F931A680F5B00A75B9A /* Build configuration list for PBXNativeTarget "informov" */ = {
			isa = XCConfigurationList;
			buildConfigurations = (
				13B07F941A680F5B00A75B9A /* Debug */,
				13B07F951A680F5B00A75B9A /* Release */,
			);
			defaultConfigurationIsVisible = 0;
			defaultConfigurationName = Release;
		};
		83CBB9FA1A601CBA00E9B192 /* Build configuration list for PBXProject "Informov" */ = {
			isa = XCConfigurationList;
			buildConfigurations = (
				83CBBA201A601CBA00E9B192 /* Debug */,
				83CBBA211A601CBA00E9B192 /* Release */,
			);
			defaultConfigurationIsVisible = 0;
			defaultConfigurationName = Release;
		};
/* End XCConfigurationList section */
	};
	rootObject = 83CBB9F71A601CBA00E9B192 /* Project object */;
}
